
Microsoft Visual Studio Solution File, Format Version 12.00
# Visual Studio 14
VisualStudioVersion = 14.0.23107.0
MinimumVisualStudioVersion = 10.0.40219.1
Project("{FAE04EC0-301F-11D3-BF4B-00C04F79EFBC}") = "Individual_tuition_mgtsystem", "Individual_tuition_mgtsystem\Individual_tuition_mgtsystem.csproj", "{DDEF9D5F-4485-4AB2-9016-83DCC1AE87ED}"
EndProject
Project("{54435603-DBB4-11D2-8724-00A0C9A8B90C}") = "Individual_Tution_Management_Setup", "Individual_Tution_Management_Setup\Individual_Tution_Management_Setup.vdproj", "{EE4A102D-04B6-4298-8801-672E02606C80}"
EndProject
Global
	GlobalSection(SolutionConfigurationPlatforms) = preSolution
		Debug|Any CPU = Debug|Any CPU
		Release|Any CPU = Release|Any CPU
	EndGlobalSection
	GlobalSection(ProjectConfigurationPlatforms) = postSolution
		{DDEF9D5F-4485-4AB2-9016-83DCC1AE87ED}.Debug|Any CPU.ActiveCfg = Debug|Any CPU
		{DDEF9D5F-4485-4AB2-9016-83DCC1AE87ED}.Debug|Any CPU.Build.0 = Debug|Any CPU
		{DDEF9D5F-4485-4AB2-9016-83DCC1AE87ED}.Release|Any CPU.ActiveCfg = Release|Any CPU
		{DDEF9D5F-4485-4AB2-9016-83DCC1AE87ED}.Release|Any CPU.Build.0 = Release|Any CPU
		{EE4A102D-04B6-4298-8801-672E02606C80}.Debug|Any CPU.ActiveCfg = Debug
		{EE4A102D-04B6-4298-8801-672E02606C80}.Release|Any CPU.ActiveCfg = Release
	EndGlobalSection
	GlobalSection(SolutionProperties) = preSolution
		HideSolutionNode = FALSE
	EndGlobalSection
EndGlobal
